{
    "name": "Hosting-Full-Stack-App",
    "lockfileVersion": 2,
    "requires": true,
    "packages": {
        "": {
            "devDependencies": {
                "7zip": "^0.0.6"
            }
        },
        "node_modules/7zip": {
            "version": "0.0.6",
            "resolved": "https://registry.npmjs.org/7zip/-/7zip-0.0.6.tgz",
            "integrity": "sha512-ns8vKbKhIQm338AeWo/YdDSWil3pldwCMoyR2npoM2qDAzF8Vuko8BtDxpNt/wE15SXOh5K5WbjSLR4kTOAHLA==",
            "dev": true,
            "bin": {
                "7z": "7zip-lite/7z.exe"
            }
        }
    },
    "dependencies": {
        "7zip": {
            "version": "0.0.6",
            "resolved": "https://registry.npmjs.org/7zip/-/7zip-0.0.6.tgz",
            "integrity": "sha512-ns8vKbKhIQm338AeWo/YdDSWil3pldwCMoyR2npoM2qDAzF8Vuko8BtDxpNt/wE15SXOh5K5WbjSLR4kTOAHLA==",
            "dev": true
        }
    }
}
